
Microsoft Visual Studio Solution File, Format Version 12.00
# Visual Studio Version 17
VisualStudioVersion = 17.4.33122.133
MinimumVisualStudioVersion = 10.0.40219.1
Project("{FAE04EC0-301F-11D3-BF4B-00C04F79EFBC}") = "Domain.Driven.Design.BaseTemplate", "Domain.Driven.Design.BaseTemplate\Domain.Driven.Design.BaseTemplate.csproj", "{5D720FC4-9AD0-4CF2-949A-1FC06969D27A}"
EndProject
Global
	GlobalSection(SolutionConfigurationPlatforms) = preSolution
		Debug|Any CPU = Debug|Any CPU
		Release|Any CPU = Release|Any CPU
	EndGlobalSection
	GlobalSection(ProjectConfigurationPlatforms) = postSolution
		{5D720FC4-9AD0-4CF2-949A-1FC06969D27A}.Debug|Any CPU.ActiveCfg = Debug|Any CPU
		{5D720FC4-9AD0-4CF2-949A-1FC06969D27A}.Debug|Any CPU.Build.0 = Debug|Any CPU
		{5D720FC4-9AD0-4CF2-949A-1FC06969D27A}.Release|Any CPU.ActiveCfg = Release|Any CPU
		{5D720FC4-9AD0-4CF2-949A-1FC06969D27A}.Release|Any CPU.Build.0 = Release|Any CPU
	EndGlobalSection
	GlobalSection(SolutionProperties) = preSolution
		HideSolutionNode = FALSE
	EndGlobalSection
	GlobalSection(ExtensibilityGlobals) = postSolution
		SolutionGuid = {F3C4CAF8-D15E-465E-86A0-63264CEDDCD7}
	EndGlobalSection
EndGlobal
